
Microsoft Visual Studio Solution File, Format Version 12.00
# Visual Studio Version 17
VisualStudioVersion = 17.4.33213.308
MinimumVisualStudioVersion = 10.0.40219.1
Project("{FAE04EC0-301F-11D3-BF4B-00C04F79EFBC}") = "8-SQLTermekek-Console", "8-SQLTermekek-Console\8-SQLTermekek-Console.csproj", "{7CC62286-345D-4CDC-B9FE-874E3CA99804}"
EndProject
Global
	GlobalSection(SolutionConfigurationPlatforms) = preSolution
		Debug|Any CPU = Debug|Any CPU
		Release|Any CPU = Release|Any CPU
	EndGlobalSection
	GlobalSection(ProjectConfigurationPlatforms) = postSolution
		{7CC62286-345D-4CDC-B9FE-874E3CA99804}.Debug|Any CPU.ActiveCfg = Debug|Any CPU
		{7CC62286-345D-4CDC-B9FE-874E3CA99804}.Debug|Any CPU.Build.0 = Debug|Any CPU
		{7CC62286-345D-4CDC-B9FE-874E3CA99804}.Release|Any CPU.ActiveCfg = Release|Any CPU
		{7CC62286-345D-4CDC-B9FE-874E3CA99804}.Release|Any CPU.Build.0 = Release|Any CPU
	EndGlobalSection
	GlobalSection(SolutionProperties) = preSolution
		HideSolutionNode = FALSE
	EndGlobalSection
	GlobalSection(ExtensibilityGlobals) = postSolution
		SolutionGuid = {43788F6F-01EC-436D-A6C8-27ADCC5B2A34}
	EndGlobalSection
EndGlobal
